
Microsoft Visual Studio Solution File, Format Version 12.00
# Visual Studio 15
VisualStudioVersion = 15.0.28307.106
MinimumVisualStudioVersion = 10.0.40219.1
Project("{9A19103F-16F7-4668-BE54-9A1E7A4F7556}") = "TheBlockchainTM", "src\TheBlockchainTM\TheBlockchainTM.csproj", "{65D97248-08E4-463D-92DA-5FBC08408EF4}"
EndProject
Project("{9A19103F-16F7-4668-BE54-9A1E7A4F7556}") = "Testing", "test\Testing\Testing.csproj", "{E5D9904F-227E-4972-9105-BDA536F6B055}"
EndProject
Project("{2150E333-8FDC-42A3-9474-1A3956D46DE8}") = "src", "src", "{0B7404BD-2869-4572-8FCD-97811AAD7EC8}"
EndProject
Project("{2150E333-8FDC-42A3-9474-1A3956D46DE8}") = "test", "test", "{51942724-B5E4-4210-B330-55B87A110226}"
EndProject
Project("{FAE04EC0-301F-11D3-BF4B-00C04F79EFBC}") = "NodeWebApi", "NodeWebApi\NodeWebApi.csproj", "{B3169813-995B-4F18-A9EA-66572A29B7AF}"
EndProject
Global
	GlobalSection(SolutionConfigurationPlatforms) = preSolution
		Debug|Any CPU = Debug|Any CPU
		Release|Any CPU = Release|Any CPU
	EndGlobalSection
	GlobalSection(ProjectConfigurationPlatforms) = postSolution
		{65D97248-08E4-463D-92DA-5FBC08408EF4}.Debug|Any CPU.ActiveCfg = Debug|Any CPU
		{65D97248-08E4-463D-92DA-5FBC08408EF4}.Debug|Any CPU.Build.0 = Debug|Any CPU
		{65D97248-08E4-463D-92DA-5FBC08408EF4}.Release|Any CPU.ActiveCfg = Release|Any CPU
		{65D97248-08E4-463D-92DA-5FBC08408EF4}.Release|Any CPU.Build.0 = Release|Any CPU
		{E5D9904F-227E-4972-9105-BDA536F6B055}.Debug|Any CPU.ActiveCfg = Debug|Any CPU
		{E5D9904F-227E-4972-9105-BDA536F6B055}.Debug|Any CPU.Build.0 = Debug|Any CPU
		{E5D9904F-227E-4972-9105-BDA536F6B055}.Release|Any CPU.ActiveCfg = Release|Any CPU
		{E5D9904F-227E-4972-9105-BDA536F6B055}.Release|Any CPU.Build.0 = Release|Any CPU
		{B3169813-995B-4F18-A9EA-66572A29B7AF}.Debug|Any CPU.ActiveCfg = Debug|Any CPU
		{B3169813-995B-4F18-A9EA-66572A29B7AF}.Debug|Any CPU.Build.0 = Debug|Any CPU
		{B3169813-995B-4F18-A9EA-66572A29B7AF}.Release|Any CPU.ActiveCfg = Release|Any CPU
		{B3169813-995B-4F18-A9EA-66572A29B7AF}.Release|Any CPU.Build.0 = Release|Any CPU
	EndGlobalSection
	GlobalSection(SolutionProperties) = preSolution
		HideSolutionNode = FALSE
	EndGlobalSection
	GlobalSection(NestedProjects) = preSolution
		{65D97248-08E4-463D-92DA-5FBC08408EF4} = {0B7404BD-2869-4572-8FCD-97811AAD7EC8}
		{E5D9904F-227E-4972-9105-BDA536F6B055} = {51942724-B5E4-4210-B330-55B87A110226}
		{B3169813-995B-4F18-A9EA-66572A29B7AF} = {0B7404BD-2869-4572-8FCD-97811AAD7EC8}
	EndGlobalSection
	GlobalSection(ExtensibilityGlobals) = postSolution
		SolutionGuid = {32D95477-0EE7-40F8-9761-5CFAA9F2A309}
	EndGlobalSection
EndGlobal
